
Microsoft Visual Studio Solution File, Format Version 12.00
# Visual Studio 15
VisualStudioVersion = 15.0.27130.2026
MinimumVisualStudioVersion = 10.0.40219.1
Project("{FAE04EC0-301F-11D3-BF4B-00C04F79EFBC}") = "CorridadeCaes.WinApp", "CorridadeCaes\CorridadeCaes.WinApp.csproj", "{37CE6CDA-FD10-4B3A-BDFB-2C82F25B39AE}"
EndProject
Project("{2150E333-8FDC-42A3-9474-1A3956D46DE8}") = "1. Apresentação", "1. Apresentação", "{D75C6045-C715-4A70-AE22-8141F6D2B11C}"
EndProject
Project("{2150E333-8FDC-42A3-9474-1A3956D46DE8}") = "3. Dominio", "3. Dominio", "{BAB933DC-3B7E-4661-AABF-83AAC27A5A02}"
EndProject
Project("{FAE04EC0-301F-11D3-BF4B-00C04F79EFBC}") = "CorridadeCaes.Dominio", "CorridadeCaes.Dominio\CorridadeCaes.Dominio.csproj", "{75295EA5-DE7E-4F2F-8D47-881C432B09BB}"
EndProject
Global
	GlobalSection(SolutionConfigurationPlatforms) = preSolution
		Debug|Any CPU = Debug|Any CPU
		Release|Any CPU = Release|Any CPU
	EndGlobalSection
	GlobalSection(ProjectConfigurationPlatforms) = postSolution
		{37CE6CDA-FD10-4B3A-BDFB-2C82F25B39AE}.Debug|Any CPU.ActiveCfg = Debug|Any CPU
		{37CE6CDA-FD10-4B3A-BDFB-2C82F25B39AE}.Debug|Any CPU.Build.0 = Debug|Any CPU
		{37CE6CDA-FD10-4B3A-BDFB-2C82F25B39AE}.Release|Any CPU.ActiveCfg = Release|Any CPU
		{37CE6CDA-FD10-4B3A-BDFB-2C82F25B39AE}.Release|Any CPU.Build.0 = Release|Any CPU
		{75295EA5-DE7E-4F2F-8D47-881C432B09BB}.Debug|Any CPU.ActiveCfg = Debug|Any CPU
		{75295EA5-DE7E-4F2F-8D47-881C432B09BB}.Debug|Any CPU.Build.0 = Debug|Any CPU
		{75295EA5-DE7E-4F2F-8D47-881C432B09BB}.Release|Any CPU.ActiveCfg = Release|Any CPU
		{75295EA5-DE7E-4F2F-8D47-881C432B09BB}.Release|Any CPU.Build.0 = Release|Any CPU
	EndGlobalSection
	GlobalSection(SolutionProperties) = preSolution
		HideSolutionNode = FALSE
	EndGlobalSection
	GlobalSection(NestedProjects) = preSolution
		{37CE6CDA-FD10-4B3A-BDFB-2C82F25B39AE} = {D75C6045-C715-4A70-AE22-8141F6D2B11C}
		{75295EA5-DE7E-4F2F-8D47-881C432B09BB} = {BAB933DC-3B7E-4661-AABF-83AAC27A5A02}
	EndGlobalSection
	GlobalSection(ExtensibilityGlobals) = postSolution
		SolutionGuid = {A8347BDE-CD46-4888-BF36-8BA387D69845}
	EndGlobalSection
EndGlobal
